<?xml version="1.0" encoding="utf-8"?>
<Project ToolsVersion="15.0" xmlns="http://schemas.microsoft.com/developer/msbuild/2003">
  <ItemGroup>
    <ClCompile Include="C:\Users\Shani\workspace\Bachelorproef\delaunay\main.cpp">
      <Filter>Source Files</Filter>
    </ClCompile>
  </ItemGroup>
  <ItemGroup>
    <CustomBuild Include="C:\Users\Shani\workspace\Bachelorproef\delaunay\CMakeLists.txt" />
  </ItemGroup>
  <ItemGroup>
    <Filter Include="Source Files">
      <UniqueIdentifier>{351D19AF-4C2A-30A4-8CF4-EC96D6008A38}</UniqueIdentifier>
    </Filter>
  </ItemGroup>
</Project>
